
Microsoft Visual Studio Solution File, Format Version 12.00
# Visual Studio Version 17
VisualStudioVersion = 17.5.33502.453
MinimumVisualStudioVersion = 10.0.40219.1
Project("{8BC9CEB8-8B4A-11D0-8D11-00A0C91BC942}") = "EdenHook_EN2CN", "Modules\EdenHook_EN2CN\EdenHook_EN2CN.vcxproj", "{A17A38B0-A88D-4103-8343-7FB6B3BDC2FF}"
EndProject
Project("{8BC9CEB8-8B4A-11D0-8D11-00A0C91BC942}") = "EdenPMHook_EN2CN", "Modules\EdenPMHook_EN2CN\EdenPMHook_EN2CN.vcxproj", "{C6F8C5EB-D34D-42C2-AE93-283B82EC9E3C}"
EndProject
Project("{8BC9CEB8-8B4A-11D0-8D11-00A0C91BC942}") = "EdenPMHook_EN2JP", "Modules\EdenPMHook_EN2JP\EdenPMHook_EN2JP.vcxproj", "{65661795-3454-4864-8DB5-DC5F1BEEEFB2}"
EndProject
Project("{8BC9CEB8-8B4A-11D0-8D11-00A0C91BC942}") = "EFFAAHook_EN2JP", "Modules\EFFAAHook_EN2JP\EFFAAHook_EN2JP.vcxproj", "{39828B12-B995-40A9-83D8-42DF2BBAF6DC}"
EndProject
Project("{8BC9CEB8-8B4A-11D0-8D11-00A0C91BC942}") = "EFLAAHook_EN2JP", "Modules\EFLAAHook_EN2JP\EFLAAHook_EN2JP.vcxproj", "{60FCCE75-D32D-4D2A-B7DA-FC4BF645B5CB}"
EndProject
Project("{8BC9CEB8-8B4A-11D0-8D11-00A0C91BC942}") = "SimpleLoader", "Modules\SimpleLoader\SimpleLoader.vcxproj", "{92DAFE37-7E1D-4112-A38A-8E1B98025A65}"
EndProject
Project("{2150E333-8FDC-42A3-9474-1A3956D46DE8}") = "ThirdParty", "ThirdParty", "{E0EA944C-FD0E-4CB4-B1EF-F94605EA875C}"
EndProject
Project("{2150E333-8FDC-42A3-9474-1A3956D46DE8}") = "Modules", "Modules", "{4A98E555-039B-4EC7-98BE-21F94097AE79}"
EndProject
Project("{8BC9CEB8-8B4A-11D0-8D11-00A0C91BC942}") = "Rxx", "..\..\MalieTools\MalieTools\ThirdParty\Rxx\Rxx.vcxproj", "{6B1AB12F-A3BB-4513-9592-3C15A1100FBE}"
EndProject
Project("{8BC9CEB8-8B4A-11D0-8D11-00A0C91BC942}") = "MinoriFileHook", "Modules\MinoriFileHook\MinoriFileHook.vcxproj", "{97F19AD4-5896-4D1D-99BD-B2DE766FDD7F}"
EndProject
Global
	GlobalSection(SolutionConfigurationPlatforms) = preSolution
		Debug|x64 = Debug|x64
		Debug|x86 = Debug|x86
		Release|x64 = Release|x64
		Release|x86 = Release|x86
	EndGlobalSection
	GlobalSection(ProjectConfigurationPlatforms) = postSolution
		{A17A38B0-A88D-4103-8343-7FB6B3BDC2FF}.Debug|x64.ActiveCfg = Debug|x64
		{A17A38B0-A88D-4103-8343-7FB6B3BDC2FF}.Debug|x64.Build.0 = Debug|x64
		{A17A38B0-A88D-4103-8343-7FB6B3BDC2FF}.Debug|x86.ActiveCfg = Debug|Win32
		{A17A38B0-A88D-4103-8343-7FB6B3BDC2FF}.Debug|x86.Build.0 = Debug|Win32
		{A17A38B0-A88D-4103-8343-7FB6B3BDC2FF}.Release|x64.ActiveCfg = Release|x64
		{A17A38B0-A88D-4103-8343-7FB6B3BDC2FF}.Release|x64.Build.0 = Release|x64
		{A17A38B0-A88D-4103-8343-7FB6B3BDC2FF}.Release|x86.ActiveCfg = Release|Win32
		{A17A38B0-A88D-4103-8343-7FB6B3BDC2FF}.Release|x86.Build.0 = Release|Win32
		{C6F8C5EB-D34D-42C2-AE93-283B82EC9E3C}.Debug|x64.ActiveCfg = Debug|x64
		{C6F8C5EB-D34D-42C2-AE93-283B82EC9E3C}.Debug|x64.Build.0 = Debug|x64
		{C6F8C5EB-D34D-42C2-AE93-283B82EC9E3C}.Debug|x86.ActiveCfg = Debug|Win32
		{C6F8C5EB-D34D-42C2-AE93-283B82EC9E3C}.Debug|x86.Build.0 = Debug|Win32
		{C6F8C5EB-D34D-42C2-AE93-283B82EC9E3C}.Release|x64.ActiveCfg = Release|x64
		{C6F8C5EB-D34D-42C2-AE93-283B82EC9E3C}.Release|x64.Build.0 = Release|x64
		{C6F8C5EB-D34D-42C2-AE93-283B82EC9E3C}.Release|x86.ActiveCfg = Release|Win32
		{C6F8C5EB-D34D-42C2-AE93-283B82EC9E3C}.Release|x86.Build.0 = Release|Win32
		{65661795-3454-4864-8DB5-DC5F1BEEEFB2}.Debug|x64.ActiveCfg = Debug|x64
		{65661795-3454-4864-8DB5-DC5F1BEEEFB2}.Debug|x64.Build.0 = Debug|x64
		{65661795-3454-4864-8DB5-DC5F1BEEEFB2}.Debug|x86.ActiveCfg = Debug|Win32
		{65661795-3454-4864-8DB5-DC5F1BEEEFB2}.Debug|x86.Build.0 = Debug|Win32
		{65661795-3454-4864-8DB5-DC5F1BEEEFB2}.Release|x64.ActiveCfg = Release|x64
		{65661795-3454-4864-8DB5-DC5F1BEEEFB2}.Release|x64.Build.0 = Release|x64
		{65661795-3454-4864-8DB5-DC5F1BEEEFB2}.Release|x86.ActiveCfg = Release|Win32
		{65661795-3454-4864-8DB5-DC5F1BEEEFB2}.Release|x86.Build.0 = Release|Win32
		{39828B12-B995-40A9-83D8-42DF2BBAF6DC}.Debug|x64.ActiveCfg = Debug|x64
		{39828B12-B995-40A9-83D8-42DF2BBAF6DC}.Debug|x64.Build.0 = Debug|x64
		{39828B12-B995-40A9-83D8-42DF2BBAF6DC}.Debug|x86.ActiveCfg = Debug|Win32
		{39828B12-B995-40A9-83D8-42DF2BBAF6DC}.Debug|x86.Build.0 = Debug|Win32
		{39828B12-B995-40A9-83D8-42DF2BBAF6DC}.Release|x64.ActiveCfg = Release|x64
		{39828B12-B995-40A9-83D8-42DF2BBAF6DC}.Release|x64.Build.0 = Release|x64
		{39828B12-B995-40A9-83D8-42DF2BBAF6DC}.Release|x86.ActiveCfg = Release|Win32
		{39828B12-B995-40A9-83D8-42DF2BBAF6DC}.Release|x86.Build.0 = Release|Win32
		{60FCCE75-D32D-4D2A-B7DA-FC4BF645B5CB}.Debug|x64.ActiveCfg = Debug|x64
		{60FCCE75-D32D-4D2A-B7DA-FC4BF645B5CB}.Debug|x64.Build.0 = Debug|x64
		{60FCCE75-D32D-4D2A-B7DA-FC4BF645B5CB}.Debug|x86.ActiveCfg = Debug|Win32
		{60FCCE75-D32D-4D2A-B7DA-FC4BF645B5CB}.Debug|x86.Build.0 = Debug|Win32
		{60FCCE75-D32D-4D2A-B7DA-FC4BF645B5CB}.Release|x64.ActiveCfg = Release|x64
		{60FCCE75-D32D-4D2A-B7DA-FC4BF645B5CB}.Release|x64.Build.0 = Release|x64
		{60FCCE75-D32D-4D2A-B7DA-FC4BF645B5CB}.Release|x86.ActiveCfg = Release|Win32
		{60FCCE75-D32D-4D2A-B7DA-FC4BF645B5CB}.Release|x86.Build.0 = Release|Win32
		{92DAFE37-7E1D-4112-A38A-8E1B98025A65}.Debug|x64.ActiveCfg = Debug|x64
		{92DAFE37-7E1D-4112-A38A-8E1B98025A65}.Debug|x64.Build.0 = Debug|x64
		{92DAFE37-7E1D-4112-A38A-8E1B98025A65}.Debug|x86.ActiveCfg = Debug|Win32
		{92DAFE37-7E1D-4112-A38A-8E1B98025A65}.Debug|x86.Build.0 = Debug|Win32
		{92DAFE37-7E1D-4112-A38A-8E1B98025A65}.Release|x64.ActiveCfg = Release|x64
		{92DAFE37-7E1D-4112-A38A-8E1B98025A65}.Release|x64.Build.0 = Release|x64
		{92DAFE37-7E1D-4112-A38A-8E1B98025A65}.Release|x86.ActiveCfg = Release|Win32
		{92DAFE37-7E1D-4112-A38A-8E1B98025A65}.Release|x86.Build.0 = Release|Win32
		{6B1AB12F-A3BB-4513-9592-3C15A1100FBE}.Debug|x64.ActiveCfg = Debug|x64
		{6B1AB12F-A3BB-4513-9592-3C15A1100FBE}.Debug|x64.Build.0 = Debug|x64
		{6B1AB12F-A3BB-4513-9592-3C15A1100FBE}.Debug|x86.ActiveCfg = Debug|Win32
		{6B1AB12F-A3BB-4513-9592-3C15A1100FBE}.Debug|x86.Build.0 = Debug|Win32
		{6B1AB12F-A3BB-4513-9592-3C15A1100FBE}.Release|x64.ActiveCfg = Release|x64
		{6B1AB12F-A3BB-4513-9592-3C15A1100FBE}.Release|x64.Build.0 = Release|x64
		{6B1AB12F-A3BB-4513-9592-3C15A1100FBE}.Release|x86.ActiveCfg = Release|Win32
		{6B1AB12F-A3BB-4513-9592-3C15A1100FBE}.Release|x86.Build.0 = Release|Win32
		{97F19AD4-5896-4D1D-99BD-B2DE766FDD7F}.Debug|x64.ActiveCfg = Debug|x64
		{97F19AD4-5896-4D1D-99BD-B2DE766FDD7F}.Debug|x64.Build.0 = Debug|x64
		{97F19AD4-5896-4D1D-99BD-B2DE766FDD7F}.Debug|x86.ActiveCfg = Debug|Win32
		{97F19AD4-5896-4D1D-99BD-B2DE766FDD7F}.Debug|x86.Build.0 = Debug|Win32
		{97F19AD4-5896-4D1D-99BD-B2DE766FDD7F}.Release|x64.ActiveCfg = Release|x64
		{97F19AD4-5896-4D1D-99BD-B2DE766FDD7F}.Release|x64.Build.0 = Release|x64
		{97F19AD4-5896-4D1D-99BD-B2DE766FDD7F}.Release|x86.ActiveCfg = Release|Win32
		{97F19AD4-5896-4D1D-99BD-B2DE766FDD7F}.Release|x86.Build.0 = Release|Win32
	EndGlobalSection
	GlobalSection(SolutionProperties) = preSolution
		HideSolutionNode = FALSE
	EndGlobalSection
	GlobalSection(NestedProjects) = preSolution
		{A17A38B0-A88D-4103-8343-7FB6B3BDC2FF} = {4A98E555-039B-4EC7-98BE-21F94097AE79}
		{C6F8C5EB-D34D-42C2-AE93-283B82EC9E3C} = {4A98E555-039B-4EC7-98BE-21F94097AE79}
		{65661795-3454-4864-8DB5-DC5F1BEEEFB2} = {4A98E555-039B-4EC7-98BE-21F94097AE79}
		{39828B12-B995-40A9-83D8-42DF2BBAF6DC} = {4A98E555-039B-4EC7-98BE-21F94097AE79}
		{60FCCE75-D32D-4D2A-B7DA-FC4BF645B5CB} = {4A98E555-039B-4EC7-98BE-21F94097AE79}
		{92DAFE37-7E1D-4112-A38A-8E1B98025A65} = {4A98E555-039B-4EC7-98BE-21F94097AE79}
		{6B1AB12F-A3BB-4513-9592-3C15A1100FBE} = {E0EA944C-FD0E-4CB4-B1EF-F94605EA875C}
		{97F19AD4-5896-4D1D-99BD-B2DE766FDD7F} = {4A98E555-039B-4EC7-98BE-21F94097AE79}
	EndGlobalSection
	GlobalSection(ExtensibilityGlobals) = postSolution
		SolutionGuid = {03D1BC6F-88E5-4D67-A167-E297377FC644}
	EndGlobalSection
EndGlobal
