
Microsoft Visual Studio Solution File, Format Version 12.00
# Visual Studio Version 17
VisualStudioVersion = 17.5.33502.453
MinimumVisualStudioVersion = 10.0.40219.1
Project("{2150E333-8FDC-42A3-9474-1A3956D46DE8}") = "lib", "lib", "{80281FC7-C521-4137-9AFB-560BE8ADB146}"
EndProject
Project("{8BC9CEB8-8B4A-11D0-8D11-00A0C91BC942}") = "Rhk", "lib\Rhk\Rhk.vcxproj", "{47D36658-0B77-4845-8EDF-136FB6C816AB}"
EndProject
Project("{8BC9CEB8-8B4A-11D0-8D11-00A0C91BC942}") = "MinoriFileHook", "lib\MinoriFileHook\MinoriFileHook.vcxproj", "{97F19AD4-5896-4D1D-99BD-B2DE766FDD7F}"
EndProject
Project("{2150E333-8FDC-42A3-9474-1A3956D46DE8}") = "src", "src", "{8926DB14-A26B-4F48-AE89-87F94791230C}"
EndProject
Project("{8BC9CEB8-8B4A-11D0-8D11-00A0C91BC942}") = "EdenPM_EN2CN", "src\EdenPM_EN2CN\EdenPM_EN2CN.vcxproj", "{08BF60FE-DFE0-4B5A-A370-777EEC04A384}"
EndProject
Project("{8BC9CEB8-8B4A-11D0-8D11-00A0C91BC942}") = "Eden_EN2CN", "src\Eden_EN2CN\Eden_EN2CN.vcxproj", "{50C08D2E-8116-49CE-86FE-4B6ED5ADDF78}"
EndProject
Project("{8BC9CEB8-8B4A-11D0-8D11-00A0C91BC942}") = "SimpleLoader", "src\SimpleLoader\SimpleLoader.vcxproj", "{92DAFE37-7E1D-4112-A38A-8E1B98025A65}"
EndProject
Project("{8BC9CEB8-8B4A-11D0-8D11-00A0C91BC942}") = "EdenPM_EN2JP", "src\EdenPM_EN2JP\EdenPM_EN2JP.vcxproj", "{B425E3D6-61AD-4A78-9811-5F7B132D91FE}"
EndProject
Project("{8BC9CEB8-8B4A-11D0-8D11-00A0C91BC942}") = "EF_First_AA_EN2JP", "src\EF_First_AA_EN2JP\EF_First_AA_EN2JP.vcxproj", "{D72F0DFA-9FC5-476C-BAA3-25EF98397AB5}"
EndProject
Project("{8BC9CEB8-8B4A-11D0-8D11-00A0C91BC942}") = "EF_Latter_AA_EN2JP", "src\EF_Latter_AA_EN2JP\EF_Latter_AA_EN2JP.vcxproj", "{6B729781-3F32-4AAB-9021-EC681B788172}"
EndProject
Project("{8BC9CEB8-8B4A-11D0-8D11-00A0C91BC942}") = "Eden_EN2JP", "src\Eden_EN2JP\Eden_EN2JP.vcxproj", "{EEB82B85-3E95-43EE-997D-092994A88DDA}"
EndProject
Global
	GlobalSection(SolutionConfigurationPlatforms) = preSolution
		Debug|x64 = Debug|x64
		Debug|x86 = Debug|x86
		Release|x64 = Release|x64
		Release|x86 = Release|x86
	EndGlobalSection
	GlobalSection(ProjectConfigurationPlatforms) = postSolution
		{47D36658-0B77-4845-8EDF-136FB6C816AB}.Debug|x64.ActiveCfg = Debug|x64
		{47D36658-0B77-4845-8EDF-136FB6C816AB}.Debug|x64.Build.0 = Debug|x64
		{47D36658-0B77-4845-8EDF-136FB6C816AB}.Debug|x86.ActiveCfg = Debug|Win32
		{47D36658-0B77-4845-8EDF-136FB6C816AB}.Debug|x86.Build.0 = Debug|Win32
		{47D36658-0B77-4845-8EDF-136FB6C816AB}.Release|x64.ActiveCfg = Release|x64
		{47D36658-0B77-4845-8EDF-136FB6C816AB}.Release|x64.Build.0 = Release|x64
		{47D36658-0B77-4845-8EDF-136FB6C816AB}.Release|x86.ActiveCfg = Release|Win32
		{47D36658-0B77-4845-8EDF-136FB6C816AB}.Release|x86.Build.0 = Release|Win32
		{97F19AD4-5896-4D1D-99BD-B2DE766FDD7F}.Debug|x64.ActiveCfg = Debug|x64
		{97F19AD4-5896-4D1D-99BD-B2DE766FDD7F}.Debug|x64.Build.0 = Debug|x64
		{97F19AD4-5896-4D1D-99BD-B2DE766FDD7F}.Debug|x86.ActiveCfg = Debug|Win32
		{97F19AD4-5896-4D1D-99BD-B2DE766FDD7F}.Debug|x86.Build.0 = Debug|Win32
		{97F19AD4-5896-4D1D-99BD-B2DE766FDD7F}.Release|x64.ActiveCfg = Release|x64
		{97F19AD4-5896-4D1D-99BD-B2DE766FDD7F}.Release|x64.Build.0 = Release|x64
		{97F19AD4-5896-4D1D-99BD-B2DE766FDD7F}.Release|x86.ActiveCfg = Release|Win32
		{97F19AD4-5896-4D1D-99BD-B2DE766FDD7F}.Release|x86.Build.0 = Release|Win32
		{08BF60FE-DFE0-4B5A-A370-777EEC04A384}.Debug|x64.ActiveCfg = Debug|x64
		{08BF60FE-DFE0-4B5A-A370-777EEC04A384}.Debug|x64.Build.0 = Debug|x64
		{08BF60FE-DFE0-4B5A-A370-777EEC04A384}.Debug|x86.ActiveCfg = Debug|Win32
		{08BF60FE-DFE0-4B5A-A370-777EEC04A384}.Debug|x86.Build.0 = Debug|Win32
		{08BF60FE-DFE0-4B5A-A370-777EEC04A384}.Release|x64.ActiveCfg = Release|x64
		{08BF60FE-DFE0-4B5A-A370-777EEC04A384}.Release|x64.Build.0 = Release|x64
		{08BF60FE-DFE0-4B5A-A370-777EEC04A384}.Release|x86.ActiveCfg = Release|Win32
		{08BF60FE-DFE0-4B5A-A370-777EEC04A384}.Release|x86.Build.0 = Release|Win32
		{50C08D2E-8116-49CE-86FE-4B6ED5ADDF78}.Debug|x64.ActiveCfg = Debug|x64
		{50C08D2E-8116-49CE-86FE-4B6ED5ADDF78}.Debug|x64.Build.0 = Debug|x64
		{50C08D2E-8116-49CE-86FE-4B6ED5ADDF78}.Debug|x86.ActiveCfg = Debug|Win32
		{50C08D2E-8116-49CE-86FE-4B6ED5ADDF78}.Debug|x86.Build.0 = Debug|Win32
		{50C08D2E-8116-49CE-86FE-4B6ED5ADDF78}.Release|x64.ActiveCfg = Release|x64
		{50C08D2E-8116-49CE-86FE-4B6ED5ADDF78}.Release|x64.Build.0 = Release|x64
		{50C08D2E-8116-49CE-86FE-4B6ED5ADDF78}.Release|x86.ActiveCfg = Release|Win32
		{50C08D2E-8116-49CE-86FE-4B6ED5ADDF78}.Release|x86.Build.0 = Release|Win32
		{92DAFE37-7E1D-4112-A38A-8E1B98025A65}.Debug|x64.ActiveCfg = Debug|x64
		{92DAFE37-7E1D-4112-A38A-8E1B98025A65}.Debug|x64.Build.0 = Debug|x64
		{92DAFE37-7E1D-4112-A38A-8E1B98025A65}.Debug|x86.ActiveCfg = Debug|Win32
		{92DAFE37-7E1D-4112-A38A-8E1B98025A65}.Debug|x86.Build.0 = Debug|Win32
		{92DAFE37-7E1D-4112-A38A-8E1B98025A65}.Release|x64.ActiveCfg = Release|x64
		{92DAFE37-7E1D-4112-A38A-8E1B98025A65}.Release|x64.Build.0 = Release|x64
		{92DAFE37-7E1D-4112-A38A-8E1B98025A65}.Release|x86.ActiveCfg = Release|Win32
		{92DAFE37-7E1D-4112-A38A-8E1B98025A65}.Release|x86.Build.0 = Release|Win32
		{B425E3D6-61AD-4A78-9811-5F7B132D91FE}.Debug|x64.ActiveCfg = Debug|x64
		{B425E3D6-61AD-4A78-9811-5F7B132D91FE}.Debug|x64.Build.0 = Debug|x64
		{B425E3D6-61AD-4A78-9811-5F7B132D91FE}.Debug|x86.ActiveCfg = Debug|Win32
		{B425E3D6-61AD-4A78-9811-5F7B132D91FE}.Debug|x86.Build.0 = Debug|Win32
		{B425E3D6-61AD-4A78-9811-5F7B132D91FE}.Release|x64.ActiveCfg = Release|x64
		{B425E3D6-61AD-4A78-9811-5F7B132D91FE}.Release|x64.Build.0 = Release|x64
		{B425E3D6-61AD-4A78-9811-5F7B132D91FE}.Release|x86.ActiveCfg = Release|Win32
		{B425E3D6-61AD-4A78-9811-5F7B132D91FE}.Release|x86.Build.0 = Release|Win32
		{D72F0DFA-9FC5-476C-BAA3-25EF98397AB5}.Debug|x64.ActiveCfg = Debug|x64
		{D72F0DFA-9FC5-476C-BAA3-25EF98397AB5}.Debug|x64.Build.0 = Debug|x64
		{D72F0DFA-9FC5-476C-BAA3-25EF98397AB5}.Debug|x86.ActiveCfg = Debug|Win32
		{D72F0DFA-9FC5-476C-BAA3-25EF98397AB5}.Debug|x86.Build.0 = Debug|Win32
		{D72F0DFA-9FC5-476C-BAA3-25EF98397AB5}.Release|x64.ActiveCfg = Release|x64
		{D72F0DFA-9FC5-476C-BAA3-25EF98397AB5}.Release|x64.Build.0 = Release|x64
		{D72F0DFA-9FC5-476C-BAA3-25EF98397AB5}.Release|x86.ActiveCfg = Release|Win32
		{D72F0DFA-9FC5-476C-BAA3-25EF98397AB5}.Release|x86.Build.0 = Release|Win32
		{6B729781-3F32-4AAB-9021-EC681B788172}.Debug|x64.ActiveCfg = Debug|x64
		{6B729781-3F32-4AAB-9021-EC681B788172}.Debug|x64.Build.0 = Debug|x64
		{6B729781-3F32-4AAB-9021-EC681B788172}.Debug|x86.ActiveCfg = Debug|Win32
		{6B729781-3F32-4AAB-9021-EC681B788172}.Debug|x86.Build.0 = Debug|Win32
		{6B729781-3F32-4AAB-9021-EC681B788172}.Release|x64.ActiveCfg = Release|x64
		{6B729781-3F32-4AAB-9021-EC681B788172}.Release|x64.Build.0 = Release|x64
		{6B729781-3F32-4AAB-9021-EC681B788172}.Release|x86.ActiveCfg = Release|Win32
		{6B729781-3F32-4AAB-9021-EC681B788172}.Release|x86.Build.0 = Release|Win32
		{EEB82B85-3E95-43EE-997D-092994A88DDA}.Debug|x64.ActiveCfg = Debug|x64
		{EEB82B85-3E95-43EE-997D-092994A88DDA}.Debug|x64.Build.0 = Debug|x64
		{EEB82B85-3E95-43EE-997D-092994A88DDA}.Debug|x86.ActiveCfg = Debug|Win32
		{EEB82B85-3E95-43EE-997D-092994A88DDA}.Debug|x86.Build.0 = Debug|Win32
		{EEB82B85-3E95-43EE-997D-092994A88DDA}.Release|x64.ActiveCfg = Release|x64
		{EEB82B85-3E95-43EE-997D-092994A88DDA}.Release|x64.Build.0 = Release|x64
		{EEB82B85-3E95-43EE-997D-092994A88DDA}.Release|x86.ActiveCfg = Release|Win32
		{EEB82B85-3E95-43EE-997D-092994A88DDA}.Release|x86.Build.0 = Release|Win32
	EndGlobalSection
	GlobalSection(SolutionProperties) = preSolution
		HideSolutionNode = FALSE
	EndGlobalSection
	GlobalSection(NestedProjects) = preSolution
		{47D36658-0B77-4845-8EDF-136FB6C816AB} = {80281FC7-C521-4137-9AFB-560BE8ADB146}
		{97F19AD4-5896-4D1D-99BD-B2DE766FDD7F} = {80281FC7-C521-4137-9AFB-560BE8ADB146}
		{08BF60FE-DFE0-4B5A-A370-777EEC04A384} = {8926DB14-A26B-4F48-AE89-87F94791230C}
		{50C08D2E-8116-49CE-86FE-4B6ED5ADDF78} = {8926DB14-A26B-4F48-AE89-87F94791230C}
		{92DAFE37-7E1D-4112-A38A-8E1B98025A65} = {8926DB14-A26B-4F48-AE89-87F94791230C}
		{B425E3D6-61AD-4A78-9811-5F7B132D91FE} = {8926DB14-A26B-4F48-AE89-87F94791230C}
		{D72F0DFA-9FC5-476C-BAA3-25EF98397AB5} = {8926DB14-A26B-4F48-AE89-87F94791230C}
		{6B729781-3F32-4AAB-9021-EC681B788172} = {8926DB14-A26B-4F48-AE89-87F94791230C}
		{EEB82B85-3E95-43EE-997D-092994A88DDA} = {8926DB14-A26B-4F48-AE89-87F94791230C}
	EndGlobalSection
	GlobalSection(ExtensibilityGlobals) = postSolution
		SolutionGuid = {03D1BC6F-88E5-4D67-A167-E297377FC644}
	EndGlobalSection
EndGlobal
