<?xml version="1.0" encoding="utf-8"?>
<Project ToolsVersion="4.0" xmlns="http://schemas.microsoft.com/developer/msbuild/2003">
  <ItemGroup>
    <Filter Include="RxHook">
      <UniqueIdentifier>{667a7ab4-f031-4ca1-a9a9-d708749de617}</UniqueIdentifier>
    </Filter>
  </ItemGroup>
  <ItemGroup>
    <ClInclude Include="RxHook\Mem.h">
      <Filter>RxHook</Filter>
    </ClInclude>
    <ClInclude Include="RxHook\Write.h">
      <Filter>RxHook</Filter>
    </ClInclude>
    <ClInclude Include="RxHook\API.h">
      <Filter>RxHook</Filter>
    </ClInclude>
    <ClInclude Include="RxHook\API_DEF.h">
      <Filter>RxHook</Filter>
    </ClInclude>
    <ClInclude Include="RxHook.h" />
  </ItemGroup>
  <ItemGroup>
    <ClCompile Include="RxHook\Write.cpp">
      <Filter>RxHook</Filter>
    </ClCompile>
    <ClCompile Include="RxHook\API.cpp">
      <Filter>RxHook</Filter>
    </ClCompile>
    <ClCompile Include="RxHook\Mem.cpp">
      <Filter>RxHook</Filter>
    </ClCompile>
  </ItemGroup>
</Project>